
Microsoft Visual Studio Solution File, Format Version 12.00
# Visual Studio Version 16
VisualStudioVersion = 16.0.31911.196
MinimumVisualStudioVersion = 10.0.40219.1
Project("{FAE04EC0-301F-11D3-BF4B-00C04F79EFBC}") = "GitPractice", "GitPractice\GitPractice.csproj", "{47E1F1E8-813F-4DEA-A66E-BC8940423B76}"
EndProject
Global
	GlobalSection(SolutionConfigurationPlatforms) = preSolution
		Debug|Any CPU = Debug|Any CPU
		Release|Any CPU = Release|Any CPU
	EndGlobalSection
	GlobalSection(ProjectConfigurationPlatforms) = postSolution
		{47E1F1E8-813F-4DEA-A66E-BC8940423B76}.Debug|Any CPU.ActiveCfg = Debug|Any CPU
		{47E1F1E8-813F-4DEA-A66E-BC8940423B76}.Debug|Any CPU.Build.0 = Debug|Any CPU
		{47E1F1E8-813F-4DEA-A66E-BC8940423B76}.Release|Any CPU.ActiveCfg = Release|Any CPU
		{47E1F1E8-813F-4DEA-A66E-BC8940423B76}.Release|Any CPU.Build.0 = Release|Any CPU
	EndGlobalSection
	GlobalSection(SolutionProperties) = preSolution
		HideSolutionNode = FALSE
	EndGlobalSection
	GlobalSection(ExtensibilityGlobals) = postSolution
		SolutionGuid = {AD19DFE9-3BE4-4B21-BDF3-5B7637AE158D}
	EndGlobalSection
EndGlobal
